// !$*UTF8*$!
{
	archiveVersion = 1;
	classes = {
	};
	objectVersion = 48;
	objects = {

/* Begin PBXBuildFile section */
		07039189201689F1001BB3C8 /* MonthYearPickerView.swift in Sources */ = {isa = PBXBuildFile; fileRef = 07039188201689F1001BB3C8 /* MonthYearPickerView.swift */; };
		071B51881FED90EE00EEE18E /* CreditCardViewController.swift in Sources */ = {isa = PBXBuildFile; fileRef = 071B51871FED90EE00EEE18E /* CreditCardViewController.swift */; };
		071C5BE52003AF9D00A05BD2 /* IdCardViewController.swift in Sources */ = {isa = PBXBuildFile; fileRef = 071C5BE42003AF9C00A05BD2 /* IdCardViewController.swift */; };
		071CE19D1FF4B279004BA08D /* Card Number font.otf in Resources */ = {isa = PBXBuildFile; fileRef = 071CE19C1FF4B211004BA08D /* Card Number font.otf */; };
		071D5AC61FD5EDAF00DF9D6A /* RecordPass.swift in Sources */ = {isa = PBXBuildFile; fileRef = 071D5AC51FD5EDAF00DF9D6A /* RecordPass.swift */; };
		071E1D2B1FBF7D6F00310F44 /* AppDelegate.swift in Sources */ = {isa = PBXBuildFile; fileRef = 071E1D2A1FBF7D6F00310F44 /* AppDelegate.swift */; };
		071E1D301FBF7D6F00310F44 /* Main.storyboard in Resources */ = {isa = PBXBuildFile; fileRef = 071E1D2E1FBF7D6F00310F44 /* Main.storyboard */; };
		071E1D321FBF7D6F00310F44 /* Assets.xcassets in Resources */ = {isa = PBXBuildFile; fileRef = 071E1D311FBF7D6F00310F44 /* Assets.xcassets */; };
		071E1D351FBF7D6F00310F44 /* LaunchScreen.storyboard in Resources */ = {isa = PBXBuildFile; fileRef = 071E1D331FBF7D6F00310F44 /* LaunchScreen.storyboard */; };
		0727C5392020F194003E86B3 /* PatternCollectionViewController.swift in Sources */ = {isa = PBXBuildFile; fileRef = 0727C5382020F194003E86B3 /* PatternCollectionViewController.swift */; };
		072861E020E3D29C00C12932 /* SecretsBD.swift in Sources */ = {isa = PBXBuildFile; fileRef = 072861DF20E3D29C00C12932 /* SecretsBD.swift */; };
		072AD3F0200FF7E4004029C5 /* IdCardEditTableViewController.swift in Sources */ = {isa = PBXBuildFile; fileRef = 072AD3EF200FF7E4004029C5 /* IdCardEditTableViewController.swift */; };
		072D21031FC31B69005D8E21 /* EnterPwdViewController.swift in Sources */ = {isa = PBXBuildFile; fileRef = 072D21021FC31B69005D8E21 /* EnterPwdViewController.swift */; };
		073CBFF21FEAC1A500EBDFBF /* CreditCardEditTableViewController.swift in Sources */ = {isa = PBXBuildFile; fileRef = 073CBFF11FEAC1A500EBDFBF /* CreditCardEditTableViewController.swift */; };
		073E262620223A2900047E10 /* PwdCollectionViewCell.swift in Sources */ = {isa = PBXBuildFile; fileRef = 073E262420223A2900047E10 /* PwdCollectionViewCell.swift */; };
		073E262720223A2900047E10 /* PwdCollectionViewCell.xib in Resources */ = {isa = PBXBuildFile; fileRef = 073E262520223A2900047E10 /* PwdCollectionViewCell.xib */; };
		075DBB401FE64789009676B3 /* PatternRecord.swift in Sources */ = {isa = PBXBuildFile; fileRef = 075DBB3F1FE64789009676B3 /* PatternRecord.swift */; };
		075DBB421FE64C1E009676B3 /* Patterns.swift in Sources */ = {isa = PBXBuildFile; fileRef = 075DBB411FE64C1E009676B3 /* Patterns.swift */; };
		0777FDEB1FCED68200C7EFD9 /* Secrets.swift in Sources */ = {isa = PBXBuildFile; fileRef = 0777FDEA1FCED68200C7EFD9 /* Secrets.swift */; };
		07D4E63A1FD1AB6400AFC74F /* SettingsTableViewController.swift in Sources */ = {isa = PBXBuildFile; fileRef = 07D4E6391FD1AB6400AFC74F /* SettingsTableViewController.swift */; };
		07F7B692201E39BC000FA2F3 /* CommonFuncs.swift in Sources */ = {isa = PBXBuildFile; fileRef = 07F7B691201E39BC000FA2F3 /* CommonFuncs.swift */; };
		07F9F4EC1FD0A66B004B9A25 /* PwdCollectionViewController.swift in Sources */ = {isa = PBXBuildFile; fileRef = 07F9F4EB1FD0A66B004B9A25 /* PwdCollectionViewController.swift */; };
		07F9F4EE1FD0AA9D004B9A25 /* SecretCell.swift in Sources */ = {isa = PBXBuildFile; fileRef = 07F9F4ED1FD0AA9D004B9A25 /* SecretCell.swift */; };
		4BA42329D42FA7EABD13E320 /* Pods_MySecrets.framework in Frameworks */ = {isa = PBXBuildFile; fileRef = 15EE40A765EC75D73D8999BB /* Pods_MySecrets.framework */; };
		CE060B9721ED1B2D00012118 /* ChangePasswordTableViewController.swift in Sources */ = {isa = PBXBuildFile; fileRef = CE060B9621ED1B2D00012118 /* ChangePasswordTableViewController.swift */; };
		CEF9404D2117566B00E1A264 /* CommonEditTableViewController.swift in Sources */ = {isa = PBXBuildFile; fileRef = CEF9404C2117566B00E1A264 /* CommonEditTableViewController.swift */; };
		CEF940502137004500E1A264 /* Localizable.strings in Resources */ = {isa = PBXBuildFile; fileRef = CEF940522137004500E1A264 /* Localizable.strings */; };
		CEF94055214EC94B00E1A264 /* AvatarView.swift in Sources */ = {isa = PBXBuildFile; fileRef = CEF94054214EC94B00E1A264 /* AvatarView.swift */; };
		CEF9405721518BE700E1A264 /* AvatarCollectionView.swift in Sources */ = {isa = PBXBuildFile; fileRef = CEF9405621518BE700E1A264 /* AvatarCollectionView.swift */; };
		CEF9405A216A900000E1A264 /* AvatarCollectionViewCell.swift in Sources */ = {isa = PBXBuildFile; fileRef = CEF94058216A900000E1A264 /* AvatarCollectionViewCell.swift */; };
		CEF9405B216A900000E1A264 /* AvatarCollectionViewCell.xib in Resources */ = {isa = PBXBuildFile; fileRef = CEF94059216A900000E1A264 /* AvatarCollectionViewCell.xib */; };
		CEFD1F6F210348EE004C8678 /* DayMonthYearPickerView.swift in Sources */ = {isa = PBXBuildFile; fileRef = CEFD1F6E210348EE004C8678 /* DayMonthYearPickerView.swift */; };
		CEFD1F712111F1F6004C8678 /* CommonViewController.swift in Sources */ = {isa = PBXBuildFile; fileRef = CEFD1F702111F1F6004C8678 /* CommonViewController.swift */; };
/* End PBXBuildFile section */

/* Begin PBXFileReference section */
		07039188201689F1001BB3C8 /* MonthYearPickerView.swift */ = {isa = PBXFileReference; lastKnownFileType = sourcecode.swift; path = MonthYearPickerView.swift; sourceTree = "<group>"; };
		071B51871FED90EE00EEE18E /* CreditCardViewController.swift */ = {isa = PBXFileReference; lastKnownFileType = sourcecode.swift; path = CreditCardViewController.swift; sourceTree = "<group>"; };
		071C5BE42003AF9C00A05BD2 /* IdCardViewController.swift */ = {isa = PBXFileReference; lastKnownFileType = sourcecode.swift; path = IdCardViewController.swift; sourceTree = "<group>"; };
		071CE19C1FF4B211004BA08D /* Card Number font.otf */ = {isa = PBXFileReference; lastKnownFileType = file; path = "Card Number font.otf"; sourceTree = "<group>"; };
		071D5AC51FD5EDAF00DF9D6A /* RecordPass.swift */ = {isa = PBXFileReference; lastKnownFileType = sourcecode.swift; path = RecordPass.swift; sourceTree = "<group>"; };
		071E1D271FBF7D6F00310F44 /* MySecrets.app */ = {isa = PBXFileReference; explicitFileType = wrapper.application; includeInIndex = 0; path = MySecrets.app; sourceTree = BUILT_PRODUCTS_DIR; };
		071E1D2A1FBF7D6F00310F44 /* AppDelegate.swift */ = {isa = PBXFileReference; lastKnownFileType = sourcecode.swift; path = AppDelegate.swift; sourceTree = "<group>"; };
		071E1D2F1FBF7D6F00310F44 /* Base */ = {isa = PBXFileReference; lastKnownFileType = file.storyboard; name = Base; path = Base.lproj/Main.storyboard; sourceTree = "<group>"; };
		071E1D311FBF7D6F00310F44 /* Assets.xcassets */ = {isa = PBXFileReference; lastKnownFileType = folder.assetcatalog; path = Assets.xcassets; sourceTree = "<group>"; };
		071E1D341FBF7D6F00310F44 /* Base */ = {isa = PBXFileReference; lastKnownFileType = file.storyboard; name = Base; path = Base.lproj/LaunchScreen.storyboard; sourceTree = "<group>"; };
		071E1D361FBF7D6F00310F44 /* Info.plist */ = {isa = PBXFileReference; lastKnownFileType = text.plist.xml; path = Info.plist; sourceTree = "<group>"; };
		0727C5382020F194003E86B3 /* PatternCollectionViewController.swift */ = {isa = PBXFileReference; lastKnownFileType = sourcecode.swift; path = PatternCollectionViewController.swift; sourceTree = "<group>"; };
		072861DF20E3D29C00C12932 /* SecretsBD.swift */ = {isa = PBXFileReference; lastKnownFileType = sourcecode.swift; path = SecretsBD.swift; sourceTree = "<group>"; };
		072AD3EF200FF7E4004029C5 /* IdCardEditTableViewController.swift */ = {isa = PBXFileReference; lastKnownFileType = sourcecode.swift; path = IdCardEditTableViewController.swift; sourceTree = "<group>"; };
		072D21021FC31B69005D8E21 /* EnterPwdViewController.swift */ = {isa = PBXFileReference; lastKnownFileType = sourcecode.swift; path = EnterPwdViewController.swift; sourceTree = "<group>"; };
		073CBFF11FEAC1A500EBDFBF /* CreditCardEditTableViewController.swift */ = {isa = PBXFileReference; lastKnownFileType = sourcecode.swift; path = CreditCardEditTableViewController.swift; sourceTree = "<group>"; };
		073E262420223A2900047E10 /* PwdCollectionViewCell.swift */ = {isa = PBXFileReference; lastKnownFileType = sourcecode.swift; path = PwdCollectionViewCell.swift; sourceTree = "<group>"; };
		073E262520223A2900047E10 /* PwdCollectionViewCell.xib */ = {isa = PBXFileReference; lastKnownFileType = file.xib; path = PwdCollectionViewCell.xib; sourceTree = "<group>"; };
		075DBB3F1FE64789009676B3 /* PatternRecord.swift */ = {isa = PBXFileReference; lastKnownFileType = sourcecode.swift; path = PatternRecord.swift; sourceTree = "<group>"; };
		075DBB411FE64C1E009676B3 /* Patterns.swift */ = {isa = PBXFileReference; lastKnownFileType = sourcecode.swift; path = Patterns.swift; sourceTree = "<group>"; };
		0777FDEA1FCED68200C7EFD9 /* Secrets.swift */ = {isa = PBXFileReference; lastKnownFileType = sourcecode.swift; path = Secrets.swift; sourceTree = "<group>"; };
		07D4E6391FD1AB6400AFC74F /* SettingsTableViewController.swift */ = {isa = PBXFileReference; lastKnownFileType = sourcecode.swift; path = SettingsTableViewController.swift; sourceTree = "<group>"; };
		07F7B691201E39BC000FA2F3 /* CommonFuncs.swift */ = {isa = PBXFileReference; lastKnownFileType = sourcecode.swift; path = CommonFuncs.swift; sourceTree = "<group>"; };
		07F9F4EB1FD0A66B004B9A25 /* PwdCollectionViewController.swift */ = {isa = PBXFileReference; lastKnownFileType = sourcecode.swift; path = PwdCollectionViewController.swift; sourceTree = "<group>"; };
		07F9F4ED1FD0AA9D004B9A25 /* SecretCell.swift */ = {isa = PBXFileReference; lastKnownFileType = sourcecode.swift; path = SecretCell.swift; sourceTree = "<group>"; };
		15EE40A765EC75D73D8999BB /* Pods_MySecrets.framework */ = {isa = PBXFileReference; explicitFileType = wrapper.framework; includeInIndex = 0; path = Pods_MySecrets.framework; sourceTree = BUILT_PRODUCTS_DIR; };
		59E049058BDA40146DD601FF /* Pods-MySecrets.debug.xcconfig */ = {isa = PBXFileReference; includeInIndex = 1; lastKnownFileType = text.xcconfig; name = "Pods-MySecrets.debug.xcconfig"; path = "Pods/Target Support Files/Pods-MySecrets/Pods-MySecrets.debug.xcconfig"; sourceTree = "<group>"; };
		A1D7CAA033FA9E123B8C24E7 /* Pods-MySecrets.release.xcconfig */ = {isa = PBXFileReference; includeInIndex = 1; lastKnownFileType = text.xcconfig; name = "Pods-MySecrets.release.xcconfig"; path = "Pods/Target Support Files/Pods-MySecrets/Pods-MySecrets.release.xcconfig"; sourceTree = "<group>"; };
		CE060B9621ED1B2D00012118 /* ChangePasswordTableViewController.swift */ = {isa = PBXFileReference; lastKnownFileType = sourcecode.swift; path = ChangePasswordTableViewController.swift; sourceTree = "<group>"; };
		CEF9404C2117566B00E1A264 /* CommonEditTableViewController.swift */ = {isa = PBXFileReference; lastKnownFileType = sourcecode.swift; path = CommonEditTableViewController.swift; sourceTree = "<group>"; };
		CEF940512137004500E1A264 /* en */ = {isa = PBXFileReference; lastKnownFileType = text.plist.strings; name = en; path = en.lproj/Localizable.strings; sourceTree = "<group>"; };
		CEF940532137010F00E1A264 /* ru */ = {isa = PBXFileReference; lastKnownFileType = text.plist.strings; name = ru; path = ru.lproj/Localizable.strings; sourceTree = "<group>"; };
		CEF94054214EC94B00E1A264 /* AvatarView.swift */ = {isa = PBXFileReference; lastKnownFileType = sourcecode.swift; path = AvatarView.swift; sourceTree = "<group>"; };
		CEF9405621518BE700E1A264 /* AvatarCollectionView.swift */ = {isa = PBXFileReference; lastKnownFileType = sourcecode.swift; path = AvatarCollectionView.swift; sourceTree = "<group>"; };
		CEF94058216A900000E1A264 /* AvatarCollectionViewCell.swift */ = {isa = PBXFileReference; lastKnownFileType = sourcecode.swift; path = AvatarCollectionViewCell.swift; sourceTree = "<group>"; };
		CEF94059216A900000E1A264 /* AvatarCollectionViewCell.xib */ = {isa = PBXFileReference; lastKnownFileType = file.xib; path = AvatarCollectionViewCell.xib; sourceTree = "<group>"; };
		CEFD1F6E210348EE004C8678 /* DayMonthYearPickerView.swift */ = {isa = PBXFileReference; lastKnownFileType = sourcecode.swift; path = DayMonthYearPickerView.swift; sourceTree = "<group>"; };
		CEFD1F702111F1F6004C8678 /* CommonViewController.swift */ = {isa = PBXFileReference; lastKnownFileType = sourcecode.swift; path = CommonViewController.swift; sourceTree = "<group>"; };
/* End PBXFileReference section */

/* Begin PBXFrameworksBuildPhase section */
		071E1D241FBF7D6F00310F44 /* Frameworks */ = {
			isa = PBXFrameworksBuildPhase;
			buildActionMask = 2147483647;
			files = (
				4BA42329D42FA7EABD13E320 /* Pods_MySecrets.framework in Frameworks */,
			);
			runOnlyForDeploymentPostprocessing = 0;
		};
/* End PBXFrameworksBuildPhase section */

/* Begin PBXGroup section */
		071CE19B1FF4B1FA004BA08D /* Resources */ = {
			isa = PBXGroup;
			children = (
				071CE19C1FF4B211004BA08D /* Card Number font.otf */,
			);
			path = Resources;
			sourceTree = "<group>";
		};
		071E1D1E1FBF7D6F00310F44 = {
			isa = PBXGroup;
			children = (
				071E1D291FBF7D6F00310F44 /* MySecrets */,
				071E1D281FBF7D6F00310F44 /* Products */,
				2D81548A4AFFB0FF954DA37B /* Pods */,
				BCB51CD511BB4E00D3EAB1E4 /* Frameworks */,
			);
			sourceTree = "<group>";
		};
		071E1D281FBF7D6F00310F44 /* Products */ = {
			isa = PBXGroup;
			children = (
				071E1D271FBF7D6F00310F44 /* MySecrets.app */,
			);
			name = Products;
			sourceTree = "<group>";
		};
		071E1D291FBF7D6F00310F44 /* MySecrets */ = {
			isa = PBXGroup;
			children = (
				071CE19B1FF4B1FA004BA08D /* Resources */,
				071E1D2A1FBF7D6F00310F44 /* AppDelegate.swift */,
				0777FDEA1FCED68200C7EFD9 /* Secrets.swift */,
				072861DF20E3D29C00C12932 /* SecretsBD.swift */,
				071D5AC51FD5EDAF00DF9D6A /* RecordPass.swift */,
				075DBB3F1FE64789009676B3 /* PatternRecord.swift */,
				075DBB411FE64C1E009676B3 /* Patterns.swift */,
				071E1D2E1FBF7D6F00310F44 /* Main.storyboard */,
				073E262420223A2900047E10 /* PwdCollectionViewCell.swift */,
				CEF94058216A900000E1A264 /* AvatarCollectionViewCell.swift */,
				CEF94059216A900000E1A264 /* AvatarCollectionViewCell.xib */,
				073E262520223A2900047E10 /* PwdCollectionViewCell.xib */,
				0727C5382020F194003E86B3 /* PatternCollectionViewController.swift */,
				072AD3EF200FF7E4004029C5 /* IdCardEditTableViewController.swift */,
				071C5BE42003AF9C00A05BD2 /* IdCardViewController.swift */,
				CEFD1F702111F1F6004C8678 /* CommonViewController.swift */,
				071B51871FED90EE00EEE18E /* CreditCardViewController.swift */,
				07D4E6391FD1AB6400AFC74F /* SettingsTableViewController.swift */,
				07F9F4ED1FD0AA9D004B9A25 /* SecretCell.swift */,
				07F9F4EB1FD0A66B004B9A25 /* PwdCollectionViewController.swift */,
				CEF94054214EC94B00E1A264 /* AvatarView.swift */,
				CEF9404C2117566B00E1A264 /* CommonEditTableViewController.swift */,
				CEF940522137004500E1A264 /* Localizable.strings */,
				072D21021FC31B69005D8E21 /* EnterPwdViewController.swift */,
				073CBFF11FEAC1A500EBDFBF /* CreditCardEditTableViewController.swift */,
				07F7B691201E39BC000FA2F3 /* CommonFuncs.swift */,
				07039188201689F1001BB3C8 /* MonthYearPickerView.swift */,
				CEF9405621518BE700E1A264 /* AvatarCollectionView.swift */,
				CEFD1F6E210348EE004C8678 /* DayMonthYearPickerView.swift */,
				071E1D311FBF7D6F00310F44 /* Assets.xcassets */,
				071E1D331FBF7D6F00310F44 /* LaunchScreen.storyboard */,
				071E1D361FBF7D6F00310F44 /* Info.plist */,
				CE060B9621ED1B2D00012118 /* ChangePasswordTableViewController.swift */,
			);
			path = MySecrets;
			sourceTree = "<group>";
		};
		2D81548A4AFFB0FF954DA37B /* Pods */ = {
			isa = PBXGroup;
			children = (
				59E049058BDA40146DD601FF /* Pods-MySecrets.debug.xcconfig */,
				A1D7CAA033FA9E123B8C24E7 /* Pods-MySecrets.release.xcconfig */,
			);
			name = Pods;
			sourceTree = "<group>";
		};
		BCB51CD511BB4E00D3EAB1E4 /* Frameworks */ = {
			isa = PBXGroup;
			children = (
				15EE40A765EC75D73D8999BB /* Pods_MySecrets.framework */,
			);
			name = Frameworks;
			sourceTree = "<group>";
		};
/* End PBXGroup section */

/* Begin PBXNativeTarget section */
		071E1D261FBF7D6F00310F44 /* MySecrets */ = {
			isa = PBXNativeTarget;
			buildConfigurationList = 071E1D391FBF7D6F00310F44 /* Build configuration list for PBXNativeTarget "MySecrets" */;
			buildPhases = (
				92601A448E743B6422D2D85D /* [CP] Check Pods Manifest.lock */,
				071E1D231FBF7D6F00310F44 /* Sources */,
				071E1D241FBF7D6F00310F44 /* Frameworks */,
				071E1D251FBF7D6F00310F44 /* Resources */,
				4AF858F0EA83508205269D57 /* [CP] Embed Pods Frameworks */,
			);
			buildRules = (
			);
			dependencies = (
			);
			name = MySecrets;
			productName = MySecrets;
			productReference = 071E1D271FBF7D6F00310F44 /* MySecrets.app */;
			productType = "com.apple.product-type.application";
		};
/* End PBXNativeTarget section */

/* Begin PBXProject section */
		071E1D1F1FBF7D6F00310F44 /* Project object */ = {
			isa = PBXProject;
			attributes = {
				LastSwiftUpdateCheck = 0910;
				LastUpgradeCheck = 0910;
				ORGANIZATIONNAME = Piligrim;
				TargetAttributes = {
					071E1D261FBF7D6F00310F44 = {
						CreatedOnToolsVersion = 9.1;
						ProvisioningStyle = Automatic;
					};
				};
			};
			buildConfigurationList = 071E1D221FBF7D6F00310F44 /* Build configuration list for PBXProject "MySecrets" */;
			compatibilityVersion = "Xcode 8.0";
			developmentRegion = en;
			hasScannedForEncodings = 0;
			knownRegions = (
				en,
				Base,
				ru,
			);
			mainGroup = 071E1D1E1FBF7D6F00310F44;
			productRefGroup = 071E1D281FBF7D6F00310F44 /* Products */;
			projectDirPath = "";
			projectRoot = "";
			targets = (
				071E1D261FBF7D6F00310F44 /* MySecrets */,
			);
		};
/* End PBXProject section */

/* Begin PBXResourcesBuildPhase section */
		071E1D251FBF7D6F00310F44 /* Resources */ = {
			isa = PBXResourcesBuildPhase;
			buildActionMask = 2147483647;
			files = (
				071CE19D1FF4B279004BA08D /* Card Number font.otf in Resources */,
				CEF940502137004500E1A264 /* Localizable.strings in Resources */,
				073E262720223A2900047E10 /* PwdCollectionViewCell.xib in Resources */,
				071E1D351FBF7D6F00310F44 /* LaunchScreen.storyboard in Resources */,
				CEF9405B216A900000E1A264 /* AvatarCollectionViewCell.xib in Resources */,
				071E1D321FBF7D6F00310F44 /* Assets.xcassets in Resources */,
				071E1D301FBF7D6F00310F44 /* Main.storyboard in Resources */,
			);
			runOnlyForDeploymentPostprocessing = 0;
		};
/* End PBXResourcesBuildPhase section */

/* Begin PBXShellScriptBuildPhase section */
		4AF858F0EA83508205269D57 /* [CP] Embed Pods Frameworks */ = {
			isa = PBXShellScriptBuildPhase;
			buildActionMask = 2147483647;
			files = (
			);
			inputPaths = (
				"${PODS_ROOT}/Target Support Files/Pods-MySecrets/Pods-MySecrets-frameworks.sh",
				"${BUILT_PRODUCTS_DIR}/Realm/Realm.framework",
				"${BUILT_PRODUCTS_DIR}/RealmSwift/RealmSwift.framework",
			);
			name = "[CP] Embed Pods Frameworks";
			outputPaths = (
				"${TARGET_BUILD_DIR}/${FRAMEWORKS_FOLDER_PATH}/Realm.framework",
				"${TARGET_BUILD_DIR}/${FRAMEWORKS_FOLDER_PATH}/RealmSwift.framework",
			);
			runOnlyForDeploymentPostprocessing = 0;
			shellPath = /bin/sh;
			shellScript = "\"${PODS_ROOT}/Target Support Files/Pods-MySecrets/Pods-MySecrets-frameworks.sh\"\n";
			showEnvVarsInLog = 0;
		};
		92601A448E743B6422D2D85D /* [CP] Check Pods Manifest.lock */ = {
			isa = PBXShellScriptBuildPhase;
			buildActionMask = 2147483647;
			files = (
			);
			inputPaths = (
				"${PODS_PODFILE_DIR_PATH}/Podfile.lock",
				"${PODS_ROOT}/Manifest.lock",
			);
			name = "[CP] Check Pods Manifest.lock";
			outputPaths = (
				"$(DERIVED_FILE_DIR)/Pods-MySecrets-checkManifestLockResult.txt",
			);
			runOnlyForDeploymentPostprocessing = 0;
			shellPath = /bin/sh;
			shellScript = "diff \"${PODS_PODFILE_DIR_PATH}/Podfile.lock\" \"${PODS_ROOT}/Manifest.lock\" > /dev/null\nif [ $? != 0 ] ; then\n    # print error to STDERR\n    echo \"error: The sandbox is not in sync with the Podfile.lock. Run 'pod install' or update your CocoaPods installation.\" >&2\n    exit 1\nfi\n# This output is used by Xcode 'outputs' to avoid re-running this script phase.\necho \"SUCCESS\" > \"${SCRIPT_OUTPUT_FILE_0}\"\n";
			showEnvVarsInLog = 0;
		};
/* End PBXShellScriptBuildPhase section */

/* Begin PBXSourcesBuildPhase section */
		071E1D231FBF7D6F00310F44 /* Sources */ = {
			isa = PBXSourcesBuildPhase;
			buildActionMask = 2147483647;
			files = (
				07039189201689F1001BB3C8 /* MonthYearPickerView.swift in Sources */,
				07F9F4EE1FD0AA9D004B9A25 /* SecretCell.swift in Sources */,
				073CBFF21FEAC1A500EBDFBF /* CreditCardEditTableViewController.swift in Sources */,
				07F9F4EC1FD0A66B004B9A25 /* PwdCollectionViewController.swift in Sources */,
				071D5AC61FD5EDAF00DF9D6A /* RecordPass.swift in Sources */,
				07D4E63A1FD1AB6400AFC74F /* SettingsTableViewController.swift in Sources */,
				0777FDEB1FCED68200C7EFD9 /* Secrets.swift in Sources */,
				071B51881FED90EE00EEE18E /* CreditCardViewController.swift in Sources */,
				CEFD1F6F210348EE004C8678 /* DayMonthYearPickerView.swift in Sources */,
				075DBB421FE64C1E009676B3 /* Patterns.swift in Sources */,
				0727C5392020F194003E86B3 /* PatternCollectionViewController.swift in Sources */,
				075DBB401FE64789009676B3 /* PatternRecord.swift in Sources */,
				CEF9404D2117566B00E1A264 /* CommonEditTableViewController.swift in Sources */,
				CEF9405721518BE700E1A264 /* AvatarCollectionView.swift in Sources */,
				073E262620223A2900047E10 /* PwdCollectionViewCell.swift in Sources */,
				072D21031FC31B69005D8E21 /* EnterPwdViewController.swift in Sources */,
				CEF94055214EC94B00E1A264 /* AvatarView.swift in Sources */,
				072861E020E3D29C00C12932 /* SecretsBD.swift in Sources */,
				071E1D2B1FBF7D6F00310F44 /* AppDelegate.swift in Sources */,
				071C5BE52003AF9D00A05BD2 /* IdCardViewController.swift in Sources */,
				CEFD1F712111F1F6004C8678 /* CommonViewController.swift in Sources */,
				072AD3F0200FF7E4004029C5 /* IdCardEditTableViewController.swift in Sources */,
				07F7B692201E39BC000FA2F3 /* CommonFuncs.swift in Sources */,
				CEF9405A216A900000E1A264 /* AvatarCollectionViewCell.swift in Sources */,
				CE060B9721ED1B2D00012118 /* ChangePasswordTableViewController.swift in Sources */,
			);
			runOnlyForDeploymentPostprocessing = 0;
		};
/* End PBXSourcesBuildPhase section */

/* Begin PBXVariantGroup section */
		071E1D2E1FBF7D6F00310F44 /* Main.storyboard */ = {
			isa = PBXVariantGroup;
			children = (
				071E1D2F1FBF7D6F00310F44 /* Base */,
			);
			name = Main.storyboard;
			sourceTree = "<group>";
		};
		071E1D331FBF7D6F00310F44 /* LaunchScreen.storyboard */ = {
			isa = PBXVariantGroup;
			children = (
				071E1D341FBF7D6F00310F44 /* Base */,
			);
			name = LaunchScreen.storyboard;
			sourceTree = "<group>";
		};
		CEF940522137004500E1A264 /* Localizable.strings */ = {
			isa = PBXVariantGroup;
			children = (
				CEF940512137004500E1A264 /* en */,
				CEF940532137010F00E1A264 /* ru */,
			);
			name = Localizable.strings;
			sourceTree = "<group>";
		};
/* End PBXVariantGroup section */

/* Begin XCBuildConfiguration section */
		071E1D371FBF7D6F00310F44 /* Debug */ = {
			isa = XCBuildConfiguration;
			buildSettings = {
				ALWAYS_SEARCH_USER_PATHS = NO;
				CLANG_ANALYZER_LOCALIZABILITY_NONLOCALIZED = YES;
				CLANG_ANALYZER_NONNULL = YES;
				CLANG_ANALYZER_NUMBER_OBJECT_CONVERSION = YES_AGGRESSIVE;
				CLANG_CXX_LANGUAGE_STANDARD = "gnu++14";
				CLANG_CXX_LIBRARY = "libc++";
				CLANG_ENABLE_MODULES = YES;
				CLANG_ENABLE_OBJC_ARC = YES;
				CLANG_WARN_BLOCK_CAPTURE_AUTORELEASING = YES;
				CLANG_WARN_BOOL_CONVERSION = YES;
				CLANG_WARN_COMMA = YES;
				CLANG_WARN_CONSTANT_CONVERSION = YES;
				CLANG_WARN_DIRECT_OBJC_ISA_USAGE = YES_ERROR;
				CLANG_WARN_DOCUMENTATION_COMMENTS = YES;
				CLANG_WARN_EMPTY_BODY = YES;
				CLANG_WARN_ENUM_CONVERSION = YES;
				CLANG_WARN_INFINITE_RECURSION = YES;
				CLANG_WARN_INT_CONVERSION = YES;
				CLANG_WARN_NON_LITERAL_NULL_CONVERSION = YES;
				CLANG_WARN_OBJC_LITERAL_CONVERSION = YES;
				CLANG_WARN_OBJC_ROOT_CLASS = YES_ERROR;
				CLANG_WARN_RANGE_LOOP_ANALYSIS = YES;
				CLANG_WARN_STRICT_PROTOTYPES = YES;
				CLANG_WARN_SUSPICIOUS_MOVE = YES;
				CLANG_WARN_UNGUARDED_AVAILABILITY = YES_AGGRESSIVE;
				CLANG_WARN_UNREACHABLE_CODE = YES;
				CLANG_WARN__DUPLICATE_METHOD_MATCH = YES;
				CODE_SIGN_IDENTITY = "iPhone Developer";
				COPY_PHASE_STRIP = NO;
				DEBUG_INFORMATION_FORMAT = dwarf;
				ENABLE_STRICT_OBJC_MSGSEND = YES;
				ENABLE_TESTABILITY = YES;
				GCC_C_LANGUAGE_STANDARD = gnu11;
				GCC_DYNAMIC_NO_PIC = NO;
				GCC_NO_COMMON_BLOCKS = YES;
				GCC_OPTIMIZATION_LEVEL = 0;
				GCC_PREPROCESSOR_DEFINITIONS = (
					"DEBUG=1",
					"$(inherited)",
				);
				GCC_WARN_64_TO_32_BIT_CONVERSION = YES;
				GCC_WARN_ABOUT_RETURN_TYPE = YES_ERROR;
				GCC_WARN_UNDECLARED_SELECTOR = YES;
				GCC_WARN_UNINITIALIZED_AUTOS = YES_AGGRESSIVE;
				GCC_WARN_UNUSED_FUNCTION = YES;
				GCC_WARN_UNUSED_VARIABLE = YES;
				IPHONEOS_DEPLOYMENT_TARGET = 11.1;
				MTL_ENABLE_DEBUG_INFO = YES;
				ONLY_ACTIVE_ARCH = YES;
				SDKROOT = iphoneos;
				SWIFT_ACTIVE_COMPILATION_CONDITIONS = DEBUG;
				SWIFT_OPTIMIZATION_LEVEL = "-Onone";
			};
			name = Debug;
		};
		071E1D381FBF7D6F00310F44 /* Release */ = {
			isa = XCBuildConfiguration;
			buildSettings = {
				ALWAYS_SEARCH_USER_PATHS = NO;
				CLANG_ANALYZER_LOCALIZABILITY_NONLOCALIZED = YES;
				CLANG_ANALYZER_NONNULL = YES;
				CLANG_ANALYZER_NUMBER_OBJECT_CONVERSION = YES_AGGRESSIVE;
				CLANG_CXX_LANGUAGE_STANDARD = "gnu++14";
				CLANG_CXX_LIBRARY = "libc++";
				CLANG_ENABLE_MODULES = YES;
				CLANG_ENABLE_OBJC_ARC = YES;
				CLANG_WARN_BLOCK_CAPTURE_AUTORELEASING = YES;
				CLANG_WARN_BOOL_CONVERSION = YES;
				CLANG_WARN_COMMA = YES;
				CLANG_WARN_CONSTANT_CONVERSION = YES;
				CLANG_WARN_DIRECT_OBJC_ISA_USAGE = YES_ERROR;
				CLANG_WARN_DOCUMENTATION_COMMENTS = YES;
				CLANG_WARN_EMPTY_BODY = YES;
				CLANG_WARN_ENUM_CONVERSION = YES;
				CLANG_WARN_INFINITE_RECURSION = YES;
				CLANG_WARN_INT_CONVERSION = YES;
				CLANG_WARN_NON_LITERAL_NULL_CONVERSION = YES;
				CLANG_WARN_OBJC_LITERAL_CONVERSION = YES;
				CLANG_WARN_OBJC_ROOT_CLASS = YES_ERROR;
				CLANG_WARN_RANGE_LOOP_ANALYSIS = YES;
				CLANG_WARN_STRICT_PROTOTYPES = YES;
				CLANG_WARN_SUSPICIOUS_MOVE = YES;
				CLANG_WARN_UNGUARDED_AVAILABILITY = YES_AGGRESSIVE;
				CLANG_WARN_UNREACHABLE_CODE = YES;
				CLANG_WARN__DUPLICATE_METHOD_MATCH = YES;
				CODE_SIGN_IDENTITY = "iPhone Developer";
				COPY_PHASE_STRIP = NO;
				DEBUG_INFORMATION_FORMAT = "dwarf-with-dsym";
				ENABLE_NS_ASSERTIONS = NO;
				ENABLE_STRICT_OBJC_MSGSEND = YES;
				GCC_C_LANGUAGE_STANDARD = gnu11;
				GCC_NO_COMMON_BLOCKS = YES;
				GCC_WARN_64_TO_32_BIT_CONVERSION = YES;
				GCC_WARN_ABOUT_RETURN_TYPE = YES_ERROR;
				GCC_WARN_UNDECLARED_SELECTOR = YES;
				GCC_WARN_UNINITIALIZED_AUTOS = YES_AGGRESSIVE;
				GCC_WARN_UNUSED_FUNCTION = YES;
				GCC_WARN_UNUSED_VARIABLE = YES;
				IPHONEOS_DEPLOYMENT_TARGET = 11.1;
				MTL_ENABLE_DEBUG_INFO = NO;
				SDKROOT = iphoneos;
				SWIFT_OPTIMIZATION_LEVEL = "-Owholemodule";
				VALIDATE_PRODUCT = YES;
			};
			name = Release;
		};
		071E1D3A1FBF7D6F00310F44 /* Debug */ = {
			isa = XCBuildConfiguration;
			baseConfigurationReference = 59E049058BDA40146DD601FF /* Pods-MySecrets.debug.xcconfig */;
			buildSettings = {
				ASSETCATALOG_COMPILER_APPICON_NAME = AppIcon;
				CODE_SIGN_STYLE = Automatic;
				DEVELOPMENT_TEAM = HHTN433Z68;
				INFOPLIST_FILE = MySecrets/Info.plist;
				LD_RUNPATH_SEARCH_PATHS = "$(inherited) @executable_path/Frameworks";
				PRODUCT_BUNDLE_IDENTIFIER = EricsApp.MySecrets;
				PRODUCT_NAME = "$(TARGET_NAME)";
				SWIFT_VERSION = 4.0;
				TARGETED_DEVICE_FAMILY = "1,2";
			};
			name = Debug;
		};
		071E1D3B1FBF7D6F00310F44 /* Release */ = {
			isa = XCBuildConfiguration;
			baseConfigurationReference = A1D7CAA033FA9E123B8C24E7 /* Pods-MySecrets.release.xcconfig */;
			buildSettings = {
				ASSETCATALOG_COMPILER_APPICON_NAME = AppIcon;
				CODE_SIGN_STYLE = Automatic;
				DEVELOPMENT_TEAM = HHTN433Z68;
				INFOPLIST_FILE = MySecrets/Info.plist;
				LD_RUNPATH_SEARCH_PATHS = "$(inherited) @executable_path/Frameworks";
				PRODUCT_BUNDLE_IDENTIFIER = EricsApp.MySecrets;
				PRODUCT_NAME = "$(TARGET_NAME)";
				SWIFT_VERSION = 4.0;
				TARGETED_DEVICE_FAMILY = "1,2";
			};
			name = Release;
		};
/* End XCBuildConfiguration section */

/* Begin XCConfigurationList section */
		071E1D221FBF7D6F00310F44 /* Build configuration list for PBXProject "MySecrets" */ = {
			isa = XCConfigurationList;
			buildConfigurations = (
				071E1D371FBF7D6F00310F44 /* Debug */,
				071E1D381FBF7D6F00310F44 /* Release */,
			);
			defaultConfigurationIsVisible = 0;
			defaultConfigurationName = Release;
		};
		071E1D391FBF7D6F00310F44 /* Build configuration list for PBXNativeTarget "MySecrets" */ = {
			isa = XCConfigurationList;
			buildConfigurations = (
				071E1D3A1FBF7D6F00310F44 /* Debug */,
				071E1D3B1FBF7D6F00310F44 /* Release */,
			);
			defaultConfigurationIsVisible = 0;
			defaultConfigurationName = Release;
		};
/* End XCConfigurationList section */
	};
	rootObject = 071E1D1F1FBF7D6F00310F44 /* Project object */;
}
